
Microsoft Visual Studio Solution File, Format Version 12.00
# Visual Studio 14
VisualStudioVersion = 14.0.25123.0
MinimumVisualStudioVersion = 10.0.40219.1
Project("{FAE04EC0-301F-11D3-BF4B-00C04F79EFBC}") = "Lab1", "Lab1\Lab1.csproj", "{190FBEAB-5A4F-4BCB-B9F2-DFAE8D4D5782}"
EndProject
Project("{FAE04EC0-301F-11D3-BF4B-00C04F79EFBC}") = "Lab2", "Lab2\Lab2.csproj", "{CE77F8A6-04D5-425D-814C-334B71C3489D}"
EndProject
Project("{FAE04EC0-301F-11D3-BF4B-00C04F79EFBC}") = "Lab3", "Lab3\Lab3.csproj", "{A3457738-7793-40E7-8453-AF0FBAB48FEA}"
EndProject
Project("{FAE04EC0-301F-11D3-BF4B-00C04F79EFBC}") = "Lab4", "Lab4\Lab4.csproj", "{8E8626C7-62CE-4F65-A7C0-29BF637EFBD2}"
EndProject
Global
	GlobalSection(SolutionConfigurationPlatforms) = preSolution
		Debug|Any CPU = Debug|Any CPU
		Release|Any CPU = Release|Any CPU
	EndGlobalSection
	GlobalSection(ProjectConfigurationPlatforms) = postSolution
		{190FBEAB-5A4F-4BCB-B9F2-DFAE8D4D5782}.Debug|Any CPU.ActiveCfg = Debug|Any CPU
		{190FBEAB-5A4F-4BCB-B9F2-DFAE8D4D5782}.Debug|Any CPU.Build.0 = Debug|Any CPU
		{190FBEAB-5A4F-4BCB-B9F2-DFAE8D4D5782}.Release|Any CPU.ActiveCfg = Release|Any CPU
		{190FBEAB-5A4F-4BCB-B9F2-DFAE8D4D5782}.Release|Any CPU.Build.0 = Release|Any CPU
		{CE77F8A6-04D5-425D-814C-334B71C3489D}.Debug|Any CPU.ActiveCfg = Debug|Any CPU
		{CE77F8A6-04D5-425D-814C-334B71C3489D}.Debug|Any CPU.Build.0 = Debug|Any CPU
		{CE77F8A6-04D5-425D-814C-334B71C3489D}.Release|Any CPU.ActiveCfg = Release|Any CPU
		{CE77F8A6-04D5-425D-814C-334B71C3489D}.Release|Any CPU.Build.0 = Release|Any CPU
		{A3457738-7793-40E7-8453-AF0FBAB48FEA}.Debug|Any CPU.ActiveCfg = Debug|Any CPU
		{A3457738-7793-40E7-8453-AF0FBAB48FEA}.Debug|Any CPU.Build.0 = Debug|Any CPU
		{A3457738-7793-40E7-8453-AF0FBAB48FEA}.Release|Any CPU.ActiveCfg = Release|Any CPU
		{A3457738-7793-40E7-8453-AF0FBAB48FEA}.Release|Any CPU.Build.0 = Release|Any CPU
		{8E8626C7-62CE-4F65-A7C0-29BF637EFBD2}.Debug|Any CPU.ActiveCfg = Debug|Any CPU
		{8E8626C7-62CE-4F65-A7C0-29BF637EFBD2}.Debug|Any CPU.Build.0 = Debug|Any CPU
		{8E8626C7-62CE-4F65-A7C0-29BF637EFBD2}.Release|Any CPU.ActiveCfg = Release|Any CPU
		{8E8626C7-62CE-4F65-A7C0-29BF637EFBD2}.Release|Any CPU.Build.0 = Release|Any CPU
	EndGlobalSection
	GlobalSection(SolutionProperties) = preSolution
		HideSolutionNode = FALSE
	EndGlobalSection
EndGlobal
